
Microsoft Visual Studio Solution File, Format Version 12.00
# Visual Studio Version 16
VisualStudioVersion = 16.0.29920.165
MinimumVisualStudioVersion = 10.0.40219.1
Project("{FAE04EC0-301F-11D3-BF4B-00C04F79EFBC}") = "Alarm clock", "Alarm clock\Alarm clock.csproj", "{EF5A748F-5D9F-45E6-9288-50BE904967C7}"
EndProject
Global
	GlobalSection(SolutionConfigurationPlatforms) = preSolution
		Debug|Any CPU = Debug|Any CPU
		Release|Any CPU = Release|Any CPU
	EndGlobalSection
	GlobalSection(ProjectConfigurationPlatforms) = postSolution
		{EF5A748F-5D9F-45E6-9288-50BE904967C7}.Debug|Any CPU.ActiveCfg = Debug|Any CPU
		{EF5A748F-5D9F-45E6-9288-50BE904967C7}.Debug|Any CPU.Build.0 = Debug|Any CPU
		{EF5A748F-5D9F-45E6-9288-50BE904967C7}.Release|Any CPU.ActiveCfg = Release|Any CPU
		{EF5A748F-5D9F-45E6-9288-50BE904967C7}.Release|Any CPU.Build.0 = Release|Any CPU
	EndGlobalSection
	GlobalSection(SolutionProperties) = preSolution
		HideSolutionNode = FALSE
	EndGlobalSection
	GlobalSection(ExtensibilityGlobals) = postSolution
		SolutionGuid = {2C475F33-A724-4068-88DA-44698BDFEEE3}
	EndGlobalSection
EndGlobal
